
Microsoft Visual Studio Solution File, Format Version 12.00
# Visual Studio Version 17
VisualStudioVersion = 17.0.31612.314
MinimumVisualStudioVersion = 10.0.40219.1
Project("{9A19103F-16F7-4668-BE54-9A1E7A4F7556}") = "PlatformService", "PlatformService\PlatformService.csproj", "{1C2CB6B5-3D6F-4D9A-B643-1BE71D290CEE}"
EndProject
Global
	GlobalSection(SolutionConfigurationPlatforms) = preSolution
		Debug|Any CPU = Debug|Any CPU
		Release|Any CPU = Release|Any CPU
	EndGlobalSection
	GlobalSection(ProjectConfigurationPlatforms) = postSolution
		{1C2CB6B5-3D6F-4D9A-B643-1BE71D290CEE}.Debug|Any CPU.ActiveCfg = Debug|Any CPU
		{1C2CB6B5-3D6F-4D9A-B643-1BE71D290CEE}.Debug|Any CPU.Build.0 = Debug|Any CPU
		{1C2CB6B5-3D6F-4D9A-B643-1BE71D290CEE}.Release|Any CPU.ActiveCfg = Release|Any CPU
		{1C2CB6B5-3D6F-4D9A-B643-1BE71D290CEE}.Release|Any CPU.Build.0 = Release|Any CPU
	EndGlobalSection
	GlobalSection(SolutionProperties) = preSolution
		HideSolutionNode = FALSE
	EndGlobalSection
	GlobalSection(ExtensibilityGlobals) = postSolution
		SolutionGuid = {42BC75E9-9A8A-4FAC-836C-313B96E83709}
	EndGlobalSection
EndGlobal
